
Microsoft Visual Studio Solution File, Format Version 12.00
# Visual Studio 14
VisualStudioVersion = 14.0.25420.1
MinimumVisualStudioVersion = 10.0.40219.1
Project("{FAE04EC0-301F-11D3-BF4B-00C04F79EFBC}") = "cubes.UI", "cubes.UI\cubes.UI.csproj", "{66260FC7-792E-446A-866C-6A25D1425929}"
EndProject
Project("{FAE04EC0-301F-11D3-BF4B-00C04F79EFBC}") = "cubes.Data", "cubes.Data\cubes.Data.csproj", "{53298C37-2F47-4478-A8C4-42D0DE58EA06}"
EndProject
Project("{FAE04EC0-301F-11D3-BF4B-00C04F79EFBC}") = "cubes.Services", "cubes.Services\cubes.Services.csproj", "{977A69D3-D0C7-44D0-91A4-2893796160BF}"
EndProject
Global
	GlobalSection(SolutionConfigurationPlatforms) = preSolution
		Debug|Any CPU = Debug|Any CPU
		Release|Any CPU = Release|Any CPU
	EndGlobalSection
	GlobalSection(ProjectConfigurationPlatforms) = postSolution
		{66260FC7-792E-446A-866C-6A25D1425929}.Debug|Any CPU.ActiveCfg = Debug|Any CPU
		{66260FC7-792E-446A-866C-6A25D1425929}.Debug|Any CPU.Build.0 = Debug|Any CPU
		{66260FC7-792E-446A-866C-6A25D1425929}.Release|Any CPU.ActiveCfg = Release|Any CPU
		{66260FC7-792E-446A-866C-6A25D1425929}.Release|Any CPU.Build.0 = Release|Any CPU
		{53298C37-2F47-4478-A8C4-42D0DE58EA06}.Debug|Any CPU.ActiveCfg = Debug|Any CPU
		{53298C37-2F47-4478-A8C4-42D0DE58EA06}.Debug|Any CPU.Build.0 = Debug|Any CPU
		{53298C37-2F47-4478-A8C4-42D0DE58EA06}.Release|Any CPU.ActiveCfg = Release|Any CPU
		{53298C37-2F47-4478-A8C4-42D0DE58EA06}.Release|Any CPU.Build.0 = Release|Any CPU
		{977A69D3-D0C7-44D0-91A4-2893796160BF}.Debug|Any CPU.ActiveCfg = Debug|Any CPU
		{977A69D3-D0C7-44D0-91A4-2893796160BF}.Debug|Any CPU.Build.0 = Debug|Any CPU
		{977A69D3-D0C7-44D0-91A4-2893796160BF}.Release|Any CPU.ActiveCfg = Release|Any CPU
		{977A69D3-D0C7-44D0-91A4-2893796160BF}.Release|Any CPU.Build.0 = Release|Any CPU
	EndGlobalSection
	GlobalSection(SolutionProperties) = preSolution
		HideSolutionNode = FALSE
	EndGlobalSection
EndGlobal
